
Microsoft Visual Studio Solution File, Format Version 12.00
# Visual Studio Version 16
VisualStudioVersion = 16.0.31112.23
MinimumVisualStudioVersion = 10.0.40219.1
Project("{FAE04EC0-301F-11D3-BF4B-00C04F79EFBC}") = "BehaviorsDemo.UWP", "BehaviorsDemo\BehaviorsDemo.UWP\BehaviorsDemo.UWP.csproj", "{9BD8AB71-A024-49A4-B8BE-48308E6B5C1A}"
EndProject
Project("{FAE04EC0-301F-11D3-BF4B-00C04F79EFBC}") = "BehaviorsDemo.Android", "BehaviorsDemo\BehaviorsDemo.Android\BehaviorsDemo.Android.csproj", "{33393A1E-C842-4E9A-898D-5B16B4D72EEF}"
EndProject
Project("{FAE04EC0-301F-11D3-BF4B-00C04F79EFBC}") = "BehaviorsDemo.iOS", "BehaviorsDemo\BehaviorsDemo.iOS\BehaviorsDemo.iOS.csproj", "{3E5C67C0-D768-411C-9A5E-86F2C7F74B66}"
EndProject
Project("{FAE04EC0-301F-11D3-BF4B-00C04F79EFBC}") = "BehaviorsDemo", "BehaviorsDemo\BehaviorsDemo\BehaviorsDemo.csproj", "{2D64506D-EA15-43E5-A20A-D218759D1F7B}"
EndProject
Global
	GlobalSection(SolutionConfigurationPlatforms) = preSolution
		Debug|Any CPU = Debug|Any CPU
		Debug|ARM = Debug|ARM
		Debug|iPhone = Debug|iPhone
		Debug|iPhoneSimulator = Debug|iPhoneSimulator
		Debug|x64 = Debug|x64
		Debug|x86 = Debug|x86
		Release|Any CPU = Release|Any CPU
		Release|ARM = Release|ARM
		Release|iPhone = Release|iPhone
		Release|iPhoneSimulator = Release|iPhoneSimulator
		Release|x64 = Release|x64
		Release|x86 = Release|x86
	EndGlobalSection
	GlobalSection(ProjectConfigurationPlatforms) = postSolution
		{9BD8AB71-A024-49A4-B8BE-48308E6B5C1A}.Debug|Any CPU.ActiveCfg = Debug|x86
		{9BD8AB71-A024-49A4-B8BE-48308E6B5C1A}.Debug|Any CPU.Build.0 = Debug|x86
		{9BD8AB71-A024-49A4-B8BE-48308E6B5C1A}.Debug|Any CPU.Deploy.0 = Debug|x86
		{9BD8AB71-A024-49A4-B8BE-48308E6B5C1A}.Debug|ARM.ActiveCfg = Debug|ARM
		{9BD8AB71-A024-49A4-B8BE-48308E6B5C1A}.Debug|ARM.Build.0 = Debug|ARM
		{9BD8AB71-A024-49A4-B8BE-48308E6B5C1A}.Debug|ARM.Deploy.0 = Debug|ARM
		{9BD8AB71-A024-49A4-B8BE-48308E6B5C1A}.Debug|iPhone.ActiveCfg = Debug|x86
		{9BD8AB71-A024-49A4-B8BE-48308E6B5C1A}.Debug|iPhone.Build.0 = Debug|x86
		{9BD8AB71-A024-49A4-B8BE-48308E6B5C1A}.Debug|iPhone.Deploy.0 = Debug|x86
		{9BD8AB71-A024-49A4-B8BE-48308E6B5C1A}.Debug|iPhoneSimulator.ActiveCfg = Debug|x86
		{9BD8AB71-A024-49A4-B8BE-48308E6B5C1A}.Debug|iPhoneSimulator.Build.0 = Debug|x86
		{9BD8AB71-A024-49A4-B8BE-48308E6B5C1A}.Debug|iPhoneSimulator.Deploy.0 = Debug|x86
		{9BD8AB71-A024-49A4-B8BE-48308E6B5C1A}.Debug|x64.ActiveCfg = Debug|x64
		{9BD8AB71-A024-49A4-B8BE-48308E6B5C1A}.Debug|x64.Build.0 = Debug|x64
		{9BD8AB71-A024-49A4-B8BE-48308E6B5C1A}.Debug|x64.Deploy.0 = Debug|x64
		{9BD8AB71-A024-49A4-B8BE-48308E6B5C1A}.Debug|x86.ActiveCfg = Debug|x86
		{9BD8AB71-A024-49A4-B8BE-48308E6B5C1A}.Debug|x86.Build.0 = Debug|x86
		{9BD8AB71-A024-49A4-B8BE-48308E6B5C1A}.Debug|x86.Deploy.0 = Debug|x86
		{9BD8AB71-A024-49A4-B8BE-48308E6B5C1A}.Release|Any CPU.ActiveCfg = Release|x86
		{9BD8AB71-A024-49A4-B8BE-48308E6B5C1A}.Release|Any CPU.Build.0 = Release|x86
		{9BD8AB71-A024-49A4-B8BE-48308E6B5C1A}.Release|Any CPU.Deploy.0 = Release|x86
		{9BD8AB71-A024-49A4-B8BE-48308E6B5C1A}.Release|ARM.ActiveCfg = Release|ARM
		{9BD8AB71-A024-49A4-B8BE-48308E6B5C1A}.Release|ARM.Build.0 = Release|ARM
		{9BD8AB71-A024-49A4-B8BE-48308E6B5C1A}.Release|ARM.Deploy.0 = Release|ARM
		{9BD8AB71-A024-49A4-B8BE-48308E6B5C1A}.Release|iPhone.ActiveCfg = Release|x86
		{9BD8AB71-A024-49A4-B8BE-48308E6B5C1A}.Release|iPhone.Build.0 = Release|x86
		{9BD8AB71-A024-49A4-B8BE-48308E6B5C1A}.Release|iPhone.Deploy.0 = Release|x86
		{9BD8AB71-A024-49A4-B8BE-48308E6B5C1A}.Release|iPhoneSimulator.ActiveCfg = Release|x86
		{9BD8AB71-A024-49A4-B8BE-48308E6B5C1A}.Release|iPhoneSimulator.Build.0 = Release|x86
		{9BD8AB71-A024-49A4-B8BE-48308E6B5C1A}.Release|iPhoneSimulator.Deploy.0 = Release|x86
		{9BD8AB71-A024-49A4-B8BE-48308E6B5C1A}.Release|x64.ActiveCfg = Release|x64
		{9BD8AB71-A024-49A4-B8BE-48308E6B5C1A}.Release|x64.Build.0 = Release|x64
		{9BD8AB71-A024-49A4-B8BE-48308E6B5C1A}.Release|x64.Deploy.0 = Release|x64
		{9BD8AB71-A024-49A4-B8BE-48308E6B5C1A}.Release|x86.ActiveCfg = Release|x86
		{9BD8AB71-A024-49A4-B8BE-48308E6B5C1A}.Release|x86.Build.0 = Release|x86
		{9BD8AB71-A024-49A4-B8BE-48308E6B5C1A}.Release|x86.Deploy.0 = Release|x86
		{33393A1E-C842-4E9A-898D-5B16B4D72EEF}.Debug|Any CPU.ActiveCfg = Debug|Any CPU
		{33393A1E-C842-4E9A-898D-5B16B4D72EEF}.Debug|Any CPU.Build.0 = Debug|Any CPU
		{33393A1E-C842-4E9A-898D-5B16B4D72EEF}.Debug|Any CPU.Deploy.0 = Debug|Any CPU
		{33393A1E-C842-4E9A-898D-5B16B4D72EEF}.Debug|ARM.ActiveCfg = Debug|Any CPU
		{33393A1E-C842-4E9A-898D-5B16B4D72EEF}.Debug|ARM.Build.0 = Debug|Any CPU
		{33393A1E-C842-4E9A-898D-5B16B4D72EEF}.Debug|ARM.Deploy.0 = Debug|Any CPU
		{33393A1E-C842-4E9A-898D-5B16B4D72EEF}.Debug|iPhone.ActiveCfg = Debug|Any CPU
		{33393A1E-C842-4E9A-898D-5B16B4D72EEF}.Debug|iPhone.Build.0 = Debug|Any CPU
		{33393A1E-C842-4E9A-898D-5B16B4D72EEF}.Debug|iPhone.Deploy.0 = Debug|Any CPU
		{33393A1E-C842-4E9A-898D-5B16B4D72EEF}.Debug|iPhoneSimulator.ActiveCfg = Debug|Any CPU
		{33393A1E-C842-4E9A-898D-5B16B4D72EEF}.Debug|iPhoneSimulator.Build.0 = Debug|Any CPU
		{33393A1E-C842-4E9A-898D-5B16B4D72EEF}.Debug|iPhoneSimulator.Deploy.0 = Debug|Any CPU
		{33393A1E-C842-4E9A-898D-5B16B4D72EEF}.Debug|x64.ActiveCfg = Debug|Any CPU
		{33393A1E-C842-4E9A-898D-5B16B4D72EEF}.Debug|x64.Build.0 = Debug|Any CPU
		{33393A1E-C842-4E9A-898D-5B16B4D72EEF}.Debug|x64.Deploy.0 = Debug|Any CPU
		{33393A1E-C842-4E9A-898D-5B16B4D72EEF}.Debug|x86.ActiveCfg = Debug|Any CPU
		{33393A1E-C842-4E9A-898D-5B16B4D72EEF}.Debug|x86.Build.0 = Debug|Any CPU
		{33393A1E-C842-4E9A-898D-5B16B4D72EEF}.Debug|x86.Deploy.0 = Debug|Any CPU
		{33393A1E-C842-4E9A-898D-5B16B4D72EEF}.Release|Any CPU.ActiveCfg = Release|Any CPU
		{33393A1E-C842-4E9A-898D-5B16B4D72EEF}.Release|Any CPU.Build.0 = Release|Any CPU
		{33393A1E-C842-4E9A-898D-5B16B4D72EEF}.Release|Any CPU.Deploy.0 = Release|Any CPU
		{33393A1E-C842-4E9A-898D-5B16B4D72EEF}.Release|ARM.ActiveCfg = Release|Any CPU
		{33393A1E-C842-4E9A-898D-5B16B4D72EEF}.Release|ARM.Build.0 = Release|Any CPU
		{33393A1E-C842-4E9A-898D-5B16B4D72EEF}.Release|ARM.Deploy.0 = Release|Any CPU
		{33393A1E-C842-4E9A-898D-5B16B4D72EEF}.Release|iPhone.ActiveCfg = Release|Any CPU
		{33393A1E-C842-4E9A-898D-5B16B4D72EEF}.Release|iPhone.Build.0 = Release|Any CPU
		{33393A1E-C842-4E9A-898D-5B16B4D72EEF}.Release|iPhone.Deploy.0 = Release|Any CPU
		{33393A1E-C842-4E9A-898D-5B16B4D72EEF}.Release|iPhoneSimulator.ActiveCfg = Release|Any CPU
		{33393A1E-C842-4E9A-898D-5B16B4D72EEF}.Release|iPhoneSimulator.Build.0 = Release|Any CPU
		{33393A1E-C842-4E9A-898D-5B16B4D72EEF}.Release|iPhoneSimulator.Deploy.0 = Release|Any CPU
		{33393A1E-C842-4E9A-898D-5B16B4D72EEF}.Release|x64.ActiveCfg = Release|Any CPU
		{33393A1E-C842-4E9A-898D-5B16B4D72EEF}.Release|x64.Build.0 = Release|Any CPU
		{33393A1E-C842-4E9A-898D-5B16B4D72EEF}.Release|x64.Deploy.0 = Release|Any CPU
		{33393A1E-C842-4E9A-898D-5B16B4D72EEF}.Release|x86.ActiveCfg = Release|Any CPU
		{33393A1E-C842-4E9A-898D-5B16B4D72EEF}.Release|x86.Build.0 = Release|Any CPU
		{33393A1E-C842-4E9A-898D-5B16B4D72EEF}.Release|x86.Deploy.0 = Release|Any CPU
		{3E5C67C0-D768-411C-9A5E-86F2C7F74B66}.Debug|Any CPU.ActiveCfg = Debug|iPhoneSimulator
		{3E5C67C0-D768-411C-9A5E-86F2C7F74B66}.Debug|Any CPU.Build.0 = Debug|iPhoneSimulator
		{3E5C67C0-D768-411C-9A5E-86F2C7F74B66}.Debug|Any CPU.Deploy.0 = Debug|iPhoneSimulator
		{3E5C67C0-D768-411C-9A5E-86F2C7F74B66}.Debug|ARM.ActiveCfg = Debug|iPhone
		{3E5C67C0-D768-411C-9A5E-86F2C7F74B66}.Debug|ARM.Build.0 = Debug|iPhone
		{3E5C67C0-D768-411C-9A5E-86F2C7F74B66}.Debug|ARM.Deploy.0 = Debug|iPhone
		{3E5C67C0-D768-411C-9A5E-86F2C7F74B66}.Debug|iPhone.ActiveCfg = Debug|iPhone
		{3E5C67C0-D768-411C-9A5E-86F2C7F74B66}.Debug|iPhone.Build.0 = Debug|iPhone
		{3E5C67C0-D768-411C-9A5E-86F2C7F74B66}.Debug|iPhone.Deploy.0 = Debug|iPhone
		{3E5C67C0-D768-411C-9A5E-86F2C7F74B66}.Debug|iPhoneSimulator.ActiveCfg = Debug|iPhoneSimulator
		{3E5C67C0-D768-411C-9A5E-86F2C7F74B66}.Debug|iPhoneSimulator.Build.0 = Debug|iPhoneSimulator
		{3E5C67C0-D768-411C-9A5E-86F2C7F74B66}.Debug|iPhoneSimulator.Deploy.0 = Debug|iPhoneSimulator
		{3E5C67C0-D768-411C-9A5E-86F2C7F74B66}.Debug|x64.ActiveCfg = Debug|iPhoneSimulator
		{3E5C67C0-D768-411C-9A5E-86F2C7F74B66}.Debug|x64.Build.0 = Debug|iPhoneSimulator
		{3E5C67C0-D768-411C-9A5E-86F2C7F74B66}.Debug|x64.Deploy.0 = Debug|iPhoneSimulator
		{3E5C67C0-D768-411C-9A5E-86F2C7F74B66}.Debug|x86.ActiveCfg = Debug|iPhoneSimulator
		{3E5C67C0-D768-411C-9A5E-86F2C7F74B66}.Debug|x86.Build.0 = Debug|iPhoneSimulator
		{3E5C67C0-D768-411C-9A5E-86F2C7F74B66}.Debug|x86.Deploy.0 = Debug|iPhoneSimulator
		{3E5C67C0-D768-411C-9A5E-86F2C7F74B66}.Release|Any CPU.ActiveCfg = Release|iPhoneSimulator
		{3E5C67C0-D768-411C-9A5E-86F2C7F74B66}.Release|Any CPU.Build.0 = Release|iPhoneSimulator
		{3E5C67C0-D768-411C-9A5E-86F2C7F74B66}.Release|Any CPU.Deploy.0 = Release|iPhoneSimulator
		{3E5C67C0-D768-411C-9A5E-86F2C7F74B66}.Release|ARM.ActiveCfg = Release|iPhoneSimulator
		{3E5C67C0-D768-411C-9A5E-86F2C7F74B66}.Release|ARM.Build.0 = Release|iPhoneSimulator
		{3E5C67C0-D768-411C-9A5E-86F2C7F74B66}.Release|ARM.Deploy.0 = Release|iPhoneSimulator
		{3E5C67C0-D768-411C-9A5E-86F2C7F74B66}.Release|iPhone.ActiveCfg = Release|iPhone
		{3E5C67C0-D768-411C-9A5E-86F2C7F74B66}.Release|iPhone.Build.0 = Release|iPhone
		{3E5C67C0-D768-411C-9A5E-86F2C7F74B66}.Release|iPhone.Deploy.0 = Release|iPhone
		{3E5C67C0-D768-411C-9A5E-86F2C7F74B66}.Release|iPhoneSimulator.ActiveCfg = Release|iPhoneSimulator
		{3E5C67C0-D768-411C-9A5E-86F2C7F74B66}.Release|iPhoneSimulator.Build.0 = Release|iPhoneSimulator
		{3E5C67C0-D768-411C-9A5E-86F2C7F74B66}.Release|iPhoneSimulator.Deploy.0 = Release|iPhoneSimulator
		{3E5C67C0-D768-411C-9A5E-86F2C7F74B66}.Release|x64.ActiveCfg = Release|iPhoneSimulator
		{3E5C67C0-D768-411C-9A5E-86F2C7F74B66}.Release|x64.Build.0 = Release|iPhoneSimulator
		{3E5C67C0-D768-411C-9A5E-86F2C7F74B66}.Release|x64.Deploy.0 = Release|iPhoneSimulator
		{3E5C67C0-D768-411C-9A5E-86F2C7F74B66}.Release|x86.ActiveCfg = Release|iPhoneSimulator
		{3E5C67C0-D768-411C-9A5E-86F2C7F74B66}.Release|x86.Build.0 = Release|iPhoneSimulator
		{3E5C67C0-D768-411C-9A5E-86F2C7F74B66}.Release|x86.Deploy.0 = Release|iPhoneSimulator
		{2D64506D-EA15-43E5-A20A-D218759D1F7B}.Debug|Any CPU.ActiveCfg = Debug|Any CPU
		{2D64506D-EA15-43E5-A20A-D218759D1F7B}.Debug|Any CPU.Build.0 = Debug|Any CPU
		{2D64506D-EA15-43E5-A20A-D218759D1F7B}.Debug|Any CPU.Deploy.0 = Debug|Any CPU
		{2D64506D-EA15-43E5-A20A-D218759D1F7B}.Debug|ARM.ActiveCfg = Debug|Any CPU
		{2D64506D-EA15-43E5-A20A-D218759D1F7B}.Debug|ARM.Build.0 = Debug|Any CPU
		{2D64506D-EA15-43E5-A20A-D218759D1F7B}.Debug|ARM.Deploy.0 = Debug|Any CPU
		{2D64506D-EA15-43E5-A20A-D218759D1F7B}.Debug|iPhone.ActiveCfg = Debug|Any CPU
		{2D64506D-EA15-43E5-A20A-D218759D1F7B}.Debug|iPhone.Build.0 = Debug|Any CPU
		{2D64506D-EA15-43E5-A20A-D218759D1F7B}.Debug|iPhone.Deploy.0 = Debug|Any CPU
		{2D64506D-EA15-43E5-A20A-D218759D1F7B}.Debug|iPhoneSimulator.ActiveCfg = Debug|Any CPU
		{2D64506D-EA15-43E5-A20A-D218759D1F7B}.Debug|iPhoneSimulator.Build.0 = Debug|Any CPU
		{2D64506D-EA15-43E5-A20A-D218759D1F7B}.Debug|iPhoneSimulator.Deploy.0 = Debug|Any CPU
		{2D64506D-EA15-43E5-A20A-D218759D1F7B}.Debug|x64.ActiveCfg = Debug|Any CPU
		{2D64506D-EA15-43E5-A20A-D218759D1F7B}.Debug|x64.Build.0 = Debug|Any CPU
		{2D64506D-EA15-43E5-A20A-D218759D1F7B}.Debug|x64.Deploy.0 = Debug|Any CPU
		{2D64506D-EA15-43E5-A20A-D218759D1F7B}.Debug|x86.ActiveCfg = Debug|Any CPU
		{2D64506D-EA15-43E5-A20A-D218759D1F7B}.Debug|x86.Build.0 = Debug|Any CPU
		{2D64506D-EA15-43E5-A20A-D218759D1F7B}.Debug|x86.Deploy.0 = Debug|Any CPU
		{2D64506D-EA15-43E5-A20A-D218759D1F7B}.Release|Any CPU.ActiveCfg = Release|Any CPU
		{2D64506D-EA15-43E5-A20A-D218759D1F7B}.Release|Any CPU.Build.0 = Release|Any CPU
		{2D64506D-EA15-43E5-A20A-D218759D1F7B}.Release|Any CPU.Deploy.0 = Release|Any CPU
		{2D64506D-EA15-43E5-A20A-D218759D1F7B}.Release|ARM.ActiveCfg = Release|Any CPU
		{2D64506D-EA15-43E5-A20A-D218759D1F7B}.Release|ARM.Build.0 = Release|Any CPU
		{2D64506D-EA15-43E5-A20A-D218759D1F7B}.Release|ARM.Deploy.0 = Release|Any CPU
		{2D64506D-EA15-43E5-A20A-D218759D1F7B}.Release|iPhone.ActiveCfg = Release|Any CPU
		{2D64506D-EA15-43E5-A20A-D218759D1F7B}.Release|iPhone.Build.0 = Release|Any CPU
		{2D64506D-EA15-43E5-A20A-D218759D1F7B}.Release|iPhone.Deploy.0 = Release|Any CPU
		{2D64506D-EA15-43E5-A20A-D218759D1F7B}.Release|iPhoneSimulator.ActiveCfg = Release|Any CPU
		{2D64506D-EA15-43E5-A20A-D218759D1F7B}.Release|iPhoneSimulator.Build.0 = Release|Any CPU
		{2D64506D-EA15-43E5-A20A-D218759D1F7B}.Release|iPhoneSimulator.Deploy.0 = Release|Any CPU
		{2D64506D-EA15-43E5-A20A-D218759D1F7B}.Release|x64.ActiveCfg = Release|Any CPU
		{2D64506D-EA15-43E5-A20A-D218759D1F7B}.Release|x64.Build.0 = Release|Any CPU
		{2D64506D-EA15-43E5-A20A-D218759D1F7B}.Release|x64.Deploy.0 = Release|Any CPU
		{2D64506D-EA15-43E5-A20A-D218759D1F7B}.Release|x86.ActiveCfg = Release|Any CPU
		{2D64506D-EA15-43E5-A20A-D218759D1F7B}.Release|x86.Build.0 = Release|Any CPU
		{2D64506D-EA15-43E5-A20A-D218759D1F7B}.Release|x86.Deploy.0 = Release|Any CPU
	EndGlobalSection
	GlobalSection(SolutionProperties) = preSolution
		HideSolutionNode = FALSE
	EndGlobalSection
	GlobalSection(ExtensibilityGlobals) = postSolution
		SolutionGuid = {68104E24-5B52-42C5-829D-7DB1DDEB160D}
	EndGlobalSection
EndGlobal
